
Microsoft Visual Studio Solution File, Format Version 12.00
# Visual Studio Version 17
VisualStudioVersion = 17.0.31903.59
MinimumVisualStudioVersion = 10.0.40219.1
Project("{2150E333-8FDC-42A3-9474-1A3956D46DE8}") = "src", "src", "{827E0CD3-B72D-47B6-A68D-7590B98EB39B}"
EndProject
Project("{2150E333-8FDC-42A3-9474-1A3956D46DE8}") = "gateway", "gateway", "{6306A8FB-679E-111F-6585-8F70E0EE6013}"
EndProject
Project("{FAE04EC0-301F-11D3-BF4B-00C04F79EFBC}") = "ApiGateway", "src\gateway\ApiGateway\ApiGateway.csproj", "{1824FDE1-05F8-4DBC-BD6D-9E8979C8E860}"
EndProject
Project("{2150E333-8FDC-42A3-9474-1A3956D46DE8}") = "services", "services", "{984BB9B3-3FA3-BE33-9484-CAC21695A33C}"
EndProject
Project("{2150E333-8FDC-42A3-9474-1A3956D46DE8}") = "Auth", "Auth", "{473EF3C4-73FA-6715-AA3C-7C7929374EED}"
EndProject
Project("{FAE04EC0-301F-11D3-BF4B-00C04F79EFBC}") = "Auth.API", "src\services\Auth\Auth.API\Auth.API.csproj", "{65B980EC-057F-4C91-9404-52850CEA8844}"
EndProject
Project("{FAE04EC0-301F-11D3-BF4B-00C04F79EFBC}") = "Auth.Infrastructure", "src\services\Auth\Auth.Infrastructure\Auth.Infrastructure.csproj", "{4685A323-76A9-4D08-95AA-34764BBE6D56}"
EndProject
Project("{FAE04EC0-301F-11D3-BF4B-00C04F79EFBC}") = "Auth.Application", "src\services\Auth\Auth.Application\Auth.Application.csproj", "{E2D19001-9306-4D77-B4B8-DB5305481384}"
EndProject
Project("{FAE04EC0-301F-11D3-BF4B-00C04F79EFBC}") = "Auth.Domain", "src\services\Auth\Auth.Domain\Auth.Domain.csproj", "{7FFAAE61-B437-4E1F-B459-E01C97F05BDF}"
EndProject
Project("{2150E333-8FDC-42A3-9474-1A3956D46DE8}") = "shared", "shared", "{C8E42992-5E42-0C2B-DBFE-AA848D06431C}"
EndProject
Project("{FAE04EC0-301F-11D3-BF4B-00C04F79EFBC}") = "Shared.Common", "src\shared\Shared.Common\Shared.Common.csproj", "{6FFAC8F6-817F-4A9E-9247-001AFC0B904F}"
EndProject
Project("{FAE04EC0-301F-11D3-BF4B-00C04F79EFBC}") = "Shared.Contracts", "src\shared\Shared.Contracts\Shared.Contracts.csproj", "{BF745C50-082E-43F3-8016-23283769CDE8}"
EndProject
Project("{FAE04EC0-301F-11D3-BF4B-00C04F79EFBC}") = "Shared.Messaging", "src\shared\Shared.Messaging\Shared.Messaging.csproj", "{F413D58E-3FDC-40EA-93E1-66BEC9F7DC64}"
EndProject
Project("{FAE04EC0-301F-11D3-BF4B-00C04F79EFBC}") = "Shared.Authentication", "src\shared\Shared.Authentication\Shared.Authentication.csproj", "{253717E6-63E2-44ED-8DD4-B46DAAFD136A}"
EndProject
Project("{FAE04EC0-301F-11D3-BF4B-00C04F79EFBC}") = "Shared.Logging", "src\shared\Shared.Logging\Shared.Logging.csproj", "{2DCEEAA5-9853-4C75-A697-C9FEEFD0E020}"
EndProject
Project("{FAE04EC0-301F-11D3-BF4B-00C04F79EFBC}") = "Shared.Protos", "src\shared\Shared.Protos\Shared.Protos.csproj", "{8E93FF33-F2CB-4FBC-BED5-D3451FD3009D}"
EndProject
Project("{2150E333-8FDC-42A3-9474-1A3956D46DE8}") = "Customer", "Customer", "{BD33319C-751A-386D-048F-9AEFDEDD6518}"
EndProject
Project("{FAE04EC0-301F-11D3-BF4B-00C04F79EFBC}") = "Customer.API", "src\services\Customer\Customer.API\Customer.API.csproj", "{1E1756C9-D74E-4FE6-BA15-998C05AF311A}"
EndProject
Project("{FAE04EC0-301F-11D3-BF4B-00C04F79EFBC}") = "Customer.Application", "src\services\Customer\Customer.Application\Customer.Application.csproj", "{1742FF15-9425-41CD-8306-14F8B6E59E60}"
EndProject
Project("{FAE04EC0-301F-11D3-BF4B-00C04F79EFBC}") = "Customer.Domain", "src\services\Customer\Customer.Domain\Customer.Domain.csproj", "{FA1885C7-7274-4B32-B2F0-DA62C9EF2DEF}"
EndProject
Project("{FAE04EC0-301F-11D3-BF4B-00C04F79EFBC}") = "Customer.Infrastructure", "src\services\Customer\Customer.Infrastructure\Customer.Infrastructure.csproj", "{D4D8CC60-3AB6-4B9D-BC10-7ADC8B1E60FD}"
EndProject
Project("{2150E333-8FDC-42A3-9474-1A3956D46DE8}") = "Driving", "Driving", "{4E40E051-6608-71C1-50D9-32011CD241FA}"
EndProject
Project("{FAE04EC0-301F-11D3-BF4B-00C04F79EFBC}") = "Driving.API", "src\services\Driving\Driving.API\Driving.API.csproj", "{C9D2C6BF-BE7F-48BD-AA95-40B4D5C0B39E}"
EndProject
Project("{FAE04EC0-301F-11D3-BF4B-00C04F79EFBC}") = "Driving.Infrastructure", "src\services\Driving\Driving.Infrastructure\Driving.Infrastructure.csproj", "{D6C3E29A-E4F8-4E84-A203-44EC7297C930}"
EndProject
Project("{FAE04EC0-301F-11D3-BF4B-00C04F79EFBC}") = "Driving.Application", "src\services\Driving\Driving.Application\Driving.Application.csproj", "{69D41008-B9AE-4EB8-9420-497276629555}"
EndProject
Project("{FAE04EC0-301F-11D3-BF4B-00C04F79EFBC}") = "Driving.Domain", "src\services\Driving\Driving.Domain\Driving.Domain.csproj", "{2813F5D2-9E39-4144-828B-F1567915C289}"
EndProject
Project("{2150E333-8FDC-42A3-9474-1A3956D46DE8}") = "Formal", "Formal", "{2C938643-4296-8789-5ADE-2E1131FBFA5C}"
EndProject
Project("{FAE04EC0-301F-11D3-BF4B-00C04F79EFBC}") = "Formal.API", "src\services\Formal\Formal.API\Formal.API.csproj", "{A1CFF873-E9F2-4731-970B-43637A83EF8A}"
EndProject
Project("{FAE04EC0-301F-11D3-BF4B-00C04F79EFBC}") = "Formal.Infrastructure", "src\services\Formal\Formal.Infrastructure\Formal.Infrastructure.csproj", "{E4726533-9C9A-4416-BF3D-B8E654854B0E}"
EndProject
Project("{FAE04EC0-301F-11D3-BF4B-00C04F79EFBC}") = "Formal.Application", "src\services\Formal\Formal.Application\Formal.Application.csproj", "{737E9A1F-A1D1-458A-95A0-CB2B5001FD5B}"
EndProject
Project("{FAE04EC0-301F-11D3-BF4B-00C04F79EFBC}") = "Formal.Domain", "src\services\Formal\Formal.Domain\Formal.Domain.csproj", "{CB2074E7-0FC9-45B4-99B7-34F6A31D2E8C}"
EndProject
Project("{2150E333-8FDC-42A3-9474-1A3956D46DE8}") = "LeadAssignment", "LeadAssignment", "{A436D265-342E-EF01-E366-09ABB4B12A34}"
EndProject
Project("{FAE04EC0-301F-11D3-BF4B-00C04F79EFBC}") = "LeadAssignment.API", "src\services\LeadAssignment\LeadAssignment.API\LeadAssignment.API.csproj", "{ADFA1B74-78E7-4C79-B2F2-881C58F803E8}"
EndProject
Project("{FAE04EC0-301F-11D3-BF4B-00C04F79EFBC}") = "LeadAssignment.Infrastructure", "src\services\LeadAssignment\LeadAssignment.Infrastructure\LeadAssignment.Infrastructure.csproj", "{5A77A3AD-B0C9-4207-9F00-F1E129B9EC8B}"
EndProject
Project("{FAE04EC0-301F-11D3-BF4B-00C04F79EFBC}") = "LeadAssignment.Application", "src\services\LeadAssignment\LeadAssignment.Application\LeadAssignment.Application.csproj", "{8FC309E5-74EA-47F8-9200-33A1C1678198}"
EndProject
Project("{FAE04EC0-301F-11D3-BF4B-00C04F79EFBC}") = "LeadAssignment.Domain", "src\services\LeadAssignment\LeadAssignment.Domain\LeadAssignment.Domain.csproj", "{D634DD4C-0463-4625-866A-C01EC29D45CC}"
EndProject
Project("{2150E333-8FDC-42A3-9474-1A3956D46DE8}") = "ShortTerm", "ShortTerm", "{39196BA3-C527-83BC-908D-28641A9B95D8}"
EndProject
Project("{FAE04EC0-301F-11D3-BF4B-00C04F79EFBC}") = "ShortTerm.API", "src\services\ShortTerm\ShortTerm.API\ShortTerm.API.csproj", "{72AFAB62-1C7B-430F-8552-74F8B5CFDE86}"
EndProject
Project("{FAE04EC0-301F-11D3-BF4B-00C04F79EFBC}") = "ShortTerm.Infrastructure", "src\services\ShortTerm\ShortTerm.Infrastructure\ShortTerm.Infrastructure.csproj", "{7A8144E0-CB59-4666-8F3D-569F2D795C8E}"
EndProject
Project("{FAE04EC0-301F-11D3-BF4B-00C04F79EFBC}") = "ShortTerm.Application", "src\services\ShortTerm\ShortTerm.Application\ShortTerm.Application.csproj", "{6A42F75E-09CA-4F57-8CA3-32FC0015F7FC}"
EndProject
Project("{FAE04EC0-301F-11D3-BF4B-00C04F79EFBC}") = "ShortTerm.Domain", "src\services\ShortTerm\ShortTerm.Domain\ShortTerm.Domain.csproj", "{A0EB548F-8FB2-43DC-90D7-02E112E71B25}"
EndProject
Global
	GlobalSection(SolutionConfigurationPlatforms) = preSolution
		Debug|Any CPU = Debug|Any CPU
		Debug|x64 = Debug|x64
		Debug|x86 = Debug|x86
		Release|Any CPU = Release|Any CPU
		Release|x64 = Release|x64
		Release|x86 = Release|x86
	EndGlobalSection
	GlobalSection(ProjectConfigurationPlatforms) = postSolution
		{1824FDE1-05F8-4DBC-BD6D-9E8979C8E860}.Debug|Any CPU.ActiveCfg = Debug|Any CPU
		{1824FDE1-05F8-4DBC-BD6D-9E8979C8E860}.Debug|Any CPU.Build.0 = Debug|Any CPU
		{1824FDE1-05F8-4DBC-BD6D-9E8979C8E860}.Debug|x64.ActiveCfg = Debug|Any CPU
		{1824FDE1-05F8-4DBC-BD6D-9E8979C8E860}.Debug|x64.Build.0 = Debug|Any CPU
		{1824FDE1-05F8-4DBC-BD6D-9E8979C8E860}.Debug|x86.ActiveCfg = Debug|Any CPU
		{1824FDE1-05F8-4DBC-BD6D-9E8979C8E860}.Debug|x86.Build.0 = Debug|Any CPU
		{1824FDE1-05F8-4DBC-BD6D-9E8979C8E860}.Release|Any CPU.ActiveCfg = Release|Any CPU
		{1824FDE1-05F8-4DBC-BD6D-9E8979C8E860}.Release|Any CPU.Build.0 = Release|Any CPU
		{1824FDE1-05F8-4DBC-BD6D-9E8979C8E860}.Release|x64.ActiveCfg = Release|Any CPU
		{1824FDE1-05F8-4DBC-BD6D-9E8979C8E860}.Release|x64.Build.0 = Release|Any CPU
		{1824FDE1-05F8-4DBC-BD6D-9E8979C8E860}.Release|x86.ActiveCfg = Release|Any CPU
		{1824FDE1-05F8-4DBC-BD6D-9E8979C8E860}.Release|x86.Build.0 = Release|Any CPU
		{65B980EC-057F-4C91-9404-52850CEA8844}.Debug|Any CPU.ActiveCfg = Debug|Any CPU
		{65B980EC-057F-4C91-9404-52850CEA8844}.Debug|Any CPU.Build.0 = Debug|Any CPU
		{65B980EC-057F-4C91-9404-52850CEA8844}.Debug|x64.ActiveCfg = Debug|Any CPU
		{65B980EC-057F-4C91-9404-52850CEA8844}.Debug|x64.Build.0 = Debug|Any CPU
		{65B980EC-057F-4C91-9404-52850CEA8844}.Debug|x86.ActiveCfg = Debug|Any CPU
		{65B980EC-057F-4C91-9404-52850CEA8844}.Debug|x86.Build.0 = Debug|Any CPU
		{65B980EC-057F-4C91-9404-52850CEA8844}.Release|Any CPU.ActiveCfg = Release|Any CPU
		{65B980EC-057F-4C91-9404-52850CEA8844}.Release|Any CPU.Build.0 = Release|Any CPU
		{65B980EC-057F-4C91-9404-52850CEA8844}.Release|x64.ActiveCfg = Release|Any CPU
		{65B980EC-057F-4C91-9404-52850CEA8844}.Release|x64.Build.0 = Release|Any CPU
		{65B980EC-057F-4C91-9404-52850CEA8844}.Release|x86.ActiveCfg = Release|Any CPU
		{65B980EC-057F-4C91-9404-52850CEA8844}.Release|x86.Build.0 = Release|Any CPU
		{4685A323-76A9-4D08-95AA-34764BBE6D56}.Debug|Any CPU.ActiveCfg = Debug|Any CPU
		{4685A323-76A9-4D08-95AA-34764BBE6D56}.Debug|Any CPU.Build.0 = Debug|Any CPU
		{4685A323-76A9-4D08-95AA-34764BBE6D56}.Debug|x64.ActiveCfg = Debug|Any CPU
		{4685A323-76A9-4D08-95AA-34764BBE6D56}.Debug|x64.Build.0 = Debug|Any CPU
		{4685A323-76A9-4D08-95AA-34764BBE6D56}.Debug|x86.ActiveCfg = Debug|Any CPU
		{4685A323-76A9-4D08-95AA-34764BBE6D56}.Debug|x86.Build.0 = Debug|Any CPU
		{4685A323-76A9-4D08-95AA-34764BBE6D56}.Release|Any CPU.ActiveCfg = Release|Any CPU
		{4685A323-76A9-4D08-95AA-34764BBE6D56}.Release|Any CPU.Build.0 = Release|Any CPU
		{4685A323-76A9-4D08-95AA-34764BBE6D56}.Release|x64.ActiveCfg = Release|Any CPU
		{4685A323-76A9-4D08-95AA-34764BBE6D56}.Release|x64.Build.0 = Release|Any CPU
		{4685A323-76A9-4D08-95AA-34764BBE6D56}.Release|x86.ActiveCfg = Release|Any CPU
		{4685A323-76A9-4D08-95AA-34764BBE6D56}.Release|x86.Build.0 = Release|Any CPU
		{E2D19001-9306-4D77-B4B8-DB5305481384}.Debug|Any CPU.ActiveCfg = Debug|Any CPU
		{E2D19001-9306-4D77-B4B8-DB5305481384}.Debug|Any CPU.Build.0 = Debug|Any CPU
		{E2D19001-9306-4D77-B4B8-DB5305481384}.Debug|x64.ActiveCfg = Debug|Any CPU
		{E2D19001-9306-4D77-B4B8-DB5305481384}.Debug|x64.Build.0 = Debug|Any CPU
		{E2D19001-9306-4D77-B4B8-DB5305481384}.Debug|x86.ActiveCfg = Debug|Any CPU
		{E2D19001-9306-4D77-B4B8-DB5305481384}.Debug|x86.Build.0 = Debug|Any CPU
		{E2D19001-9306-4D77-B4B8-DB5305481384}.Release|Any CPU.ActiveCfg = Release|Any CPU
		{E2D19001-9306-4D77-B4B8-DB5305481384}.Release|Any CPU.Build.0 = Release|Any CPU
		{E2D19001-9306-4D77-B4B8-DB5305481384}.Release|x64.ActiveCfg = Release|Any CPU
		{E2D19001-9306-4D77-B4B8-DB5305481384}.Release|x64.Build.0 = Release|Any CPU
		{E2D19001-9306-4D77-B4B8-DB5305481384}.Release|x86.ActiveCfg = Release|Any CPU
		{E2D19001-9306-4D77-B4B8-DB5305481384}.Release|x86.Build.0 = Release|Any CPU
		{7FFAAE61-B437-4E1F-B459-E01C97F05BDF}.Debug|Any CPU.ActiveCfg = Debug|Any CPU
		{7FFAAE61-B437-4E1F-B459-E01C97F05BDF}.Debug|Any CPU.Build.0 = Debug|Any CPU
		{7FFAAE61-B437-4E1F-B459-E01C97F05BDF}.Debug|x64.ActiveCfg = Debug|Any CPU
		{7FFAAE61-B437-4E1F-B459-E01C97F05BDF}.Debug|x64.Build.0 = Debug|Any CPU
		{7FFAAE61-B437-4E1F-B459-E01C97F05BDF}.Debug|x86.ActiveCfg = Debug|Any CPU
		{7FFAAE61-B437-4E1F-B459-E01C97F05BDF}.Debug|x86.Build.0 = Debug|Any CPU
		{7FFAAE61-B437-4E1F-B459-E01C97F05BDF}.Release|Any CPU.ActiveCfg = Release|Any CPU
		{7FFAAE61-B437-4E1F-B459-E01C97F05BDF}.Release|Any CPU.Build.0 = Release|Any CPU
		{7FFAAE61-B437-4E1F-B459-E01C97F05BDF}.Release|x64.ActiveCfg = Release|Any CPU
		{7FFAAE61-B437-4E1F-B459-E01C97F05BDF}.Release|x64.Build.0 = Release|Any CPU
		{7FFAAE61-B437-4E1F-B459-E01C97F05BDF}.Release|x86.ActiveCfg = Release|Any CPU
		{7FFAAE61-B437-4E1F-B459-E01C97F05BDF}.Release|x86.Build.0 = Release|Any CPU
		{6FFAC8F6-817F-4A9E-9247-001AFC0B904F}.Debug|Any CPU.ActiveCfg = Debug|Any CPU
		{6FFAC8F6-817F-4A9E-9247-001AFC0B904F}.Debug|Any CPU.Build.0 = Debug|Any CPU
		{6FFAC8F6-817F-4A9E-9247-001AFC0B904F}.Debug|x64.ActiveCfg = Debug|Any CPU
		{6FFAC8F6-817F-4A9E-9247-001AFC0B904F}.Debug|x64.Build.0 = Debug|Any CPU
		{6FFAC8F6-817F-4A9E-9247-001AFC0B904F}.Debug|x86.ActiveCfg = Debug|Any CPU
		{6FFAC8F6-817F-4A9E-9247-001AFC0B904F}.Debug|x86.Build.0 = Debug|Any CPU
		{6FFAC8F6-817F-4A9E-9247-001AFC0B904F}.Release|Any CPU.ActiveCfg = Release|Any CPU
		{6FFAC8F6-817F-4A9E-9247-001AFC0B904F}.Release|Any CPU.Build.0 = Release|Any CPU
		{6FFAC8F6-817F-4A9E-9247-001AFC0B904F}.Release|x64.ActiveCfg = Release|Any CPU
		{6FFAC8F6-817F-4A9E-9247-001AFC0B904F}.Release|x64.Build.0 = Release|Any CPU
		{6FFAC8F6-817F-4A9E-9247-001AFC0B904F}.Release|x86.ActiveCfg = Release|Any CPU
		{6FFAC8F6-817F-4A9E-9247-001AFC0B904F}.Release|x86.Build.0 = Release|Any CPU
		{BF745C50-082E-43F3-8016-23283769CDE8}.Debug|Any CPU.ActiveCfg = Debug|Any CPU
		{BF745C50-082E-43F3-8016-23283769CDE8}.Debug|Any CPU.Build.0 = Debug|Any CPU
		{BF745C50-082E-43F3-8016-23283769CDE8}.Debug|x64.ActiveCfg = Debug|Any CPU
		{BF745C50-082E-43F3-8016-23283769CDE8}.Debug|x64.Build.0 = Debug|Any CPU
		{BF745C50-082E-43F3-8016-23283769CDE8}.Debug|x86.ActiveCfg = Debug|Any CPU
		{BF745C50-082E-43F3-8016-23283769CDE8}.Debug|x86.Build.0 = Debug|Any CPU
		{BF745C50-082E-43F3-8016-23283769CDE8}.Release|Any CPU.ActiveCfg = Release|Any CPU
		{BF745C50-082E-43F3-8016-23283769CDE8}.Release|Any CPU.Build.0 = Release|Any CPU
		{BF745C50-082E-43F3-8016-23283769CDE8}.Release|x64.ActiveCfg = Release|Any CPU
		{BF745C50-082E-43F3-8016-23283769CDE8}.Release|x64.Build.0 = Release|Any CPU
		{BF745C50-082E-43F3-8016-23283769CDE8}.Release|x86.ActiveCfg = Release|Any CPU
		{BF745C50-082E-43F3-8016-23283769CDE8}.Release|x86.Build.0 = Release|Any CPU
		{F413D58E-3FDC-40EA-93E1-66BEC9F7DC64}.Debug|Any CPU.ActiveCfg = Debug|Any CPU
		{F413D58E-3FDC-40EA-93E1-66BEC9F7DC64}.Debug|Any CPU.Build.0 = Debug|Any CPU
		{F413D58E-3FDC-40EA-93E1-66BEC9F7DC64}.Debug|x64.ActiveCfg = Debug|Any CPU
		{F413D58E-3FDC-40EA-93E1-66BEC9F7DC64}.Debug|x64.Build.0 = Debug|Any CPU
		{F413D58E-3FDC-40EA-93E1-66BEC9F7DC64}.Debug|x86.ActiveCfg = Debug|Any CPU
		{F413D58E-3FDC-40EA-93E1-66BEC9F7DC64}.Debug|x86.Build.0 = Debug|Any CPU
		{F413D58E-3FDC-40EA-93E1-66BEC9F7DC64}.Release|Any CPU.ActiveCfg = Release|Any CPU
		{F413D58E-3FDC-40EA-93E1-66BEC9F7DC64}.Release|Any CPU.Build.0 = Release|Any CPU
		{F413D58E-3FDC-40EA-93E1-66BEC9F7DC64}.Release|x64.ActiveCfg = Release|Any CPU
		{F413D58E-3FDC-40EA-93E1-66BEC9F7DC64}.Release|x64.Build.0 = Release|Any CPU
		{F413D58E-3FDC-40EA-93E1-66BEC9F7DC64}.Release|x86.ActiveCfg = Release|Any CPU
		{F413D58E-3FDC-40EA-93E1-66BEC9F7DC64}.Release|x86.Build.0 = Release|Any CPU
		{253717E6-63E2-44ED-8DD4-B46DAAFD136A}.Debug|Any CPU.ActiveCfg = Debug|Any CPU
		{253717E6-63E2-44ED-8DD4-B46DAAFD136A}.Debug|Any CPU.Build.0 = Debug|Any CPU
		{253717E6-63E2-44ED-8DD4-B46DAAFD136A}.Debug|x64.ActiveCfg = Debug|Any CPU
		{253717E6-63E2-44ED-8DD4-B46DAAFD136A}.Debug|x64.Build.0 = Debug|Any CPU
		{253717E6-63E2-44ED-8DD4-B46DAAFD136A}.Debug|x86.ActiveCfg = Debug|Any CPU
		{253717E6-63E2-44ED-8DD4-B46DAAFD136A}.Debug|x86.Build.0 = Debug|Any CPU
		{253717E6-63E2-44ED-8DD4-B46DAAFD136A}.Release|Any CPU.ActiveCfg = Release|Any CPU
		{253717E6-63E2-44ED-8DD4-B46DAAFD136A}.Release|Any CPU.Build.0 = Release|Any CPU
		{253717E6-63E2-44ED-8DD4-B46DAAFD136A}.Release|x64.ActiveCfg = Release|Any CPU
		{253717E6-63E2-44ED-8DD4-B46DAAFD136A}.Release|x64.Build.0 = Release|Any CPU
		{253717E6-63E2-44ED-8DD4-B46DAAFD136A}.Release|x86.ActiveCfg = Release|Any CPU
		{253717E6-63E2-44ED-8DD4-B46DAAFD136A}.Release|x86.Build.0 = Release|Any CPU
		{2DCEEAA5-9853-4C75-A697-C9FEEFD0E020}.Debug|Any CPU.ActiveCfg = Debug|Any CPU
		{2DCEEAA5-9853-4C75-A697-C9FEEFD0E020}.Debug|Any CPU.Build.0 = Debug|Any CPU
		{2DCEEAA5-9853-4C75-A697-C9FEEFD0E020}.Debug|x64.ActiveCfg = Debug|Any CPU
		{2DCEEAA5-9853-4C75-A697-C9FEEFD0E020}.Debug|x64.Build.0 = Debug|Any CPU
		{2DCEEAA5-9853-4C75-A697-C9FEEFD0E020}.Debug|x86.ActiveCfg = Debug|Any CPU
		{2DCEEAA5-9853-4C75-A697-C9FEEFD0E020}.Debug|x86.Build.0 = Debug|Any CPU
		{2DCEEAA5-9853-4C75-A697-C9FEEFD0E020}.Release|Any CPU.ActiveCfg = Release|Any CPU
		{2DCEEAA5-9853-4C75-A697-C9FEEFD0E020}.Release|Any CPU.Build.0 = Release|Any CPU
		{2DCEEAA5-9853-4C75-A697-C9FEEFD0E020}.Release|x64.ActiveCfg = Release|Any CPU
		{2DCEEAA5-9853-4C75-A697-C9FEEFD0E020}.Release|x64.Build.0 = Release|Any CPU
		{2DCEEAA5-9853-4C75-A697-C9FEEFD0E020}.Release|x86.ActiveCfg = Release|Any CPU
		{2DCEEAA5-9853-4C75-A697-C9FEEFD0E020}.Release|x86.Build.0 = Release|Any CPU
		{8E93FF33-F2CB-4FBC-BED5-D3451FD3009D}.Debug|Any CPU.ActiveCfg = Debug|Any CPU
		{8E93FF33-F2CB-4FBC-BED5-D3451FD3009D}.Debug|Any CPU.Build.0 = Debug|Any CPU
		{8E93FF33-F2CB-4FBC-BED5-D3451FD3009D}.Debug|x64.ActiveCfg = Debug|Any CPU
		{8E93FF33-F2CB-4FBC-BED5-D3451FD3009D}.Debug|x64.Build.0 = Debug|Any CPU
		{8E93FF33-F2CB-4FBC-BED5-D3451FD3009D}.Debug|x86.ActiveCfg = Debug|Any CPU
		{8E93FF33-F2CB-4FBC-BED5-D3451FD3009D}.Debug|x86.Build.0 = Debug|Any CPU
		{8E93FF33-F2CB-4FBC-BED5-D3451FD3009D}.Release|Any CPU.ActiveCfg = Release|Any CPU
		{8E93FF33-F2CB-4FBC-BED5-D3451FD3009D}.Release|Any CPU.Build.0 = Release|Any CPU
		{8E93FF33-F2CB-4FBC-BED5-D3451FD3009D}.Release|x64.ActiveCfg = Release|Any CPU
		{8E93FF33-F2CB-4FBC-BED5-D3451FD3009D}.Release|x64.Build.0 = Release|Any CPU
		{8E93FF33-F2CB-4FBC-BED5-D3451FD3009D}.Release|x86.ActiveCfg = Release|Any CPU
		{8E93FF33-F2CB-4FBC-BED5-D3451FD3009D}.Release|x86.Build.0 = Release|Any CPU
		{1E1756C9-D74E-4FE6-BA15-998C05AF311A}.Debug|Any CPU.ActiveCfg = Debug|Any CPU
		{1E1756C9-D74E-4FE6-BA15-998C05AF311A}.Debug|Any CPU.Build.0 = Debug|Any CPU
		{1E1756C9-D74E-4FE6-BA15-998C05AF311A}.Debug|x64.ActiveCfg = Debug|Any CPU
		{1E1756C9-D74E-4FE6-BA15-998C05AF311A}.Debug|x64.Build.0 = Debug|Any CPU
		{1E1756C9-D74E-4FE6-BA15-998C05AF311A}.Debug|x86.ActiveCfg = Debug|Any CPU
		{1E1756C9-D74E-4FE6-BA15-998C05AF311A}.Debug|x86.Build.0 = Debug|Any CPU
		{1E1756C9-D74E-4FE6-BA15-998C05AF311A}.Release|Any CPU.ActiveCfg = Release|Any CPU
		{1E1756C9-D74E-4FE6-BA15-998C05AF311A}.Release|Any CPU.Build.0 = Release|Any CPU
		{1E1756C9-D74E-4FE6-BA15-998C05AF311A}.Release|x64.ActiveCfg = Release|Any CPU
		{1E1756C9-D74E-4FE6-BA15-998C05AF311A}.Release|x64.Build.0 = Release|Any CPU
		{1E1756C9-D74E-4FE6-BA15-998C05AF311A}.Release|x86.ActiveCfg = Release|Any CPU
		{1E1756C9-D74E-4FE6-BA15-998C05AF311A}.Release|x86.Build.0 = Release|Any CPU
		{1742FF15-9425-41CD-8306-14F8B6E59E60}.Debug|Any CPU.ActiveCfg = Debug|Any CPU
		{1742FF15-9425-41CD-8306-14F8B6E59E60}.Debug|Any CPU.Build.0 = Debug|Any CPU
		{1742FF15-9425-41CD-8306-14F8B6E59E60}.Debug|x64.ActiveCfg = Debug|Any CPU
		{1742FF15-9425-41CD-8306-14F8B6E59E60}.Debug|x64.Build.0 = Debug|Any CPU
		{1742FF15-9425-41CD-8306-14F8B6E59E60}.Debug|x86.ActiveCfg = Debug|Any CPU
		{1742FF15-9425-41CD-8306-14F8B6E59E60}.Debug|x86.Build.0 = Debug|Any CPU
		{1742FF15-9425-41CD-8306-14F8B6E59E60}.Release|Any CPU.ActiveCfg = Release|Any CPU
		{1742FF15-9425-41CD-8306-14F8B6E59E60}.Release|Any CPU.Build.0 = Release|Any CPU
		{1742FF15-9425-41CD-8306-14F8B6E59E60}.Release|x64.ActiveCfg = Release|Any CPU
		{1742FF15-9425-41CD-8306-14F8B6E59E60}.Release|x64.Build.0 = Release|Any CPU
		{1742FF15-9425-41CD-8306-14F8B6E59E60}.Release|x86.ActiveCfg = Release|Any CPU
		{1742FF15-9425-41CD-8306-14F8B6E59E60}.Release|x86.Build.0 = Release|Any CPU
		{FA1885C7-7274-4B32-B2F0-DA62C9EF2DEF}.Debug|Any CPU.ActiveCfg = Debug|Any CPU
		{FA1885C7-7274-4B32-B2F0-DA62C9EF2DEF}.Debug|Any CPU.Build.0 = Debug|Any CPU
		{FA1885C7-7274-4B32-B2F0-DA62C9EF2DEF}.Debug|x64.ActiveCfg = Debug|Any CPU
		{FA1885C7-7274-4B32-B2F0-DA62C9EF2DEF}.Debug|x64.Build.0 = Debug|Any CPU
		{FA1885C7-7274-4B32-B2F0-DA62C9EF2DEF}.Debug|x86.ActiveCfg = Debug|Any CPU
		{FA1885C7-7274-4B32-B2F0-DA62C9EF2DEF}.Debug|x86.Build.0 = Debug|Any CPU
		{FA1885C7-7274-4B32-B2F0-DA62C9EF2DEF}.Release|Any CPU.ActiveCfg = Release|Any CPU
		{FA1885C7-7274-4B32-B2F0-DA62C9EF2DEF}.Release|Any CPU.Build.0 = Release|Any CPU
		{FA1885C7-7274-4B32-B2F0-DA62C9EF2DEF}.Release|x64.ActiveCfg = Release|Any CPU
		{FA1885C7-7274-4B32-B2F0-DA62C9EF2DEF}.Release|x64.Build.0 = Release|Any CPU
		{FA1885C7-7274-4B32-B2F0-DA62C9EF2DEF}.Release|x86.ActiveCfg = Release|Any CPU
		{FA1885C7-7274-4B32-B2F0-DA62C9EF2DEF}.Release|x86.Build.0 = Release|Any CPU
		{D4D8CC60-3AB6-4B9D-BC10-7ADC8B1E60FD}.Debug|Any CPU.ActiveCfg = Debug|Any CPU
		{D4D8CC60-3AB6-4B9D-BC10-7ADC8B1E60FD}.Debug|Any CPU.Build.0 = Debug|Any CPU
		{D4D8CC60-3AB6-4B9D-BC10-7ADC8B1E60FD}.Debug|x64.ActiveCfg = Debug|Any CPU
		{D4D8CC60-3AB6-4B9D-BC10-7ADC8B1E60FD}.Debug|x64.Build.0 = Debug|Any CPU
		{D4D8CC60-3AB6-4B9D-BC10-7ADC8B1E60FD}.Debug|x86.ActiveCfg = Debug|Any CPU
		{D4D8CC60-3AB6-4B9D-BC10-7ADC8B1E60FD}.Debug|x86.Build.0 = Debug|Any CPU
		{D4D8CC60-3AB6-4B9D-BC10-7ADC8B1E60FD}.Release|Any CPU.ActiveCfg = Release|Any CPU
		{D4D8CC60-3AB6-4B9D-BC10-7ADC8B1E60FD}.Release|Any CPU.Build.0 = Release|Any CPU
		{D4D8CC60-3AB6-4B9D-BC10-7ADC8B1E60FD}.Release|x64.ActiveCfg = Release|Any CPU
		{D4D8CC60-3AB6-4B9D-BC10-7ADC8B1E60FD}.Release|x64.Build.0 = Release|Any CPU
		{D4D8CC60-3AB6-4B9D-BC10-7ADC8B1E60FD}.Release|x86.ActiveCfg = Release|Any CPU
		{D4D8CC60-3AB6-4B9D-BC10-7ADC8B1E60FD}.Release|x86.Build.0 = Release|Any CPU
		{C9D2C6BF-BE7F-48BD-AA95-40B4D5C0B39E}.Debug|Any CPU.ActiveCfg = Debug|Any CPU
		{C9D2C6BF-BE7F-48BD-AA95-40B4D5C0B39E}.Debug|Any CPU.Build.0 = Debug|Any CPU
		{C9D2C6BF-BE7F-48BD-AA95-40B4D5C0B39E}.Debug|x64.ActiveCfg = Debug|Any CPU
		{C9D2C6BF-BE7F-48BD-AA95-40B4D5C0B39E}.Debug|x64.Build.0 = Debug|Any CPU
		{C9D2C6BF-BE7F-48BD-AA95-40B4D5C0B39E}.Debug|x86.ActiveCfg = Debug|Any CPU
		{C9D2C6BF-BE7F-48BD-AA95-40B4D5C0B39E}.Debug|x86.Build.0 = Debug|Any CPU
		{C9D2C6BF-BE7F-48BD-AA95-40B4D5C0B39E}.Release|Any CPU.ActiveCfg = Release|Any CPU
		{C9D2C6BF-BE7F-48BD-AA95-40B4D5C0B39E}.Release|Any CPU.Build.0 = Release|Any CPU
		{C9D2C6BF-BE7F-48BD-AA95-40B4D5C0B39E}.Release|x64.ActiveCfg = Release|Any CPU
		{C9D2C6BF-BE7F-48BD-AA95-40B4D5C0B39E}.Release|x64.Build.0 = Release|Any CPU
		{C9D2C6BF-BE7F-48BD-AA95-40B4D5C0B39E}.Release|x86.ActiveCfg = Release|Any CPU
		{C9D2C6BF-BE7F-48BD-AA95-40B4D5C0B39E}.Release|x86.Build.0 = Release|Any CPU
		{D6C3E29A-E4F8-4E84-A203-44EC7297C930}.Debug|Any CPU.ActiveCfg = Debug|Any CPU
		{D6C3E29A-E4F8-4E84-A203-44EC7297C930}.Debug|Any CPU.Build.0 = Debug|Any CPU
		{D6C3E29A-E4F8-4E84-A203-44EC7297C930}.Debug|x64.ActiveCfg = Debug|Any CPU
		{D6C3E29A-E4F8-4E84-A203-44EC7297C930}.Debug|x64.Build.0 = Debug|Any CPU
		{D6C3E29A-E4F8-4E84-A203-44EC7297C930}.Debug|x86.ActiveCfg = Debug|Any CPU
		{D6C3E29A-E4F8-4E84-A203-44EC7297C930}.Debug|x86.Build.0 = Debug|Any CPU
		{D6C3E29A-E4F8-4E84-A203-44EC7297C930}.Release|Any CPU.ActiveCfg = Release|Any CPU
		{D6C3E29A-E4F8-4E84-A203-44EC7297C930}.Release|Any CPU.Build.0 = Release|Any CPU
		{D6C3E29A-E4F8-4E84-A203-44EC7297C930}.Release|x64.ActiveCfg = Release|Any CPU
		{D6C3E29A-E4F8-4E84-A203-44EC7297C930}.Release|x64.Build.0 = Release|Any CPU
		{D6C3E29A-E4F8-4E84-A203-44EC7297C930}.Release|x86.ActiveCfg = Release|Any CPU
		{D6C3E29A-E4F8-4E84-A203-44EC7297C930}.Release|x86.Build.0 = Release|Any CPU
		{69D41008-B9AE-4EB8-9420-497276629555}.Debug|Any CPU.ActiveCfg = Debug|Any CPU
		{69D41008-B9AE-4EB8-9420-497276629555}.Debug|Any CPU.Build.0 = Debug|Any CPU
		{69D41008-B9AE-4EB8-9420-497276629555}.Debug|x64.ActiveCfg = Debug|Any CPU
		{69D41008-B9AE-4EB8-9420-497276629555}.Debug|x64.Build.0 = Debug|Any CPU
		{69D41008-B9AE-4EB8-9420-497276629555}.Debug|x86.ActiveCfg = Debug|Any CPU
		{69D41008-B9AE-4EB8-9420-497276629555}.Debug|x86.Build.0 = Debug|Any CPU
		{69D41008-B9AE-4EB8-9420-497276629555}.Release|Any CPU.ActiveCfg = Release|Any CPU
		{69D41008-B9AE-4EB8-9420-497276629555}.Release|Any CPU.Build.0 = Release|Any CPU
		{69D41008-B9AE-4EB8-9420-497276629555}.Release|x64.ActiveCfg = Release|Any CPU
		{69D41008-B9AE-4EB8-9420-497276629555}.Release|x64.Build.0 = Release|Any CPU
		{69D41008-B9AE-4EB8-9420-497276629555}.Release|x86.ActiveCfg = Release|Any CPU
		{69D41008-B9AE-4EB8-9420-497276629555}.Release|x86.Build.0 = Release|Any CPU
		{2813F5D2-9E39-4144-828B-F1567915C289}.Debug|Any CPU.ActiveCfg = Debug|Any CPU
		{2813F5D2-9E39-4144-828B-F1567915C289}.Debug|Any CPU.Build.0 = Debug|Any CPU
		{2813F5D2-9E39-4144-828B-F1567915C289}.Debug|x64.ActiveCfg = Debug|Any CPU
		{2813F5D2-9E39-4144-828B-F1567915C289}.Debug|x64.Build.0 = Debug|Any CPU
		{2813F5D2-9E39-4144-828B-F1567915C289}.Debug|x86.ActiveCfg = Debug|Any CPU
		{2813F5D2-9E39-4144-828B-F1567915C289}.Debug|x86.Build.0 = Debug|Any CPU
		{2813F5D2-9E39-4144-828B-F1567915C289}.Release|Any CPU.ActiveCfg = Release|Any CPU
		{2813F5D2-9E39-4144-828B-F1567915C289}.Release|Any CPU.Build.0 = Release|Any CPU
		{2813F5D2-9E39-4144-828B-F1567915C289}.Release|x64.ActiveCfg = Release|Any CPU
		{2813F5D2-9E39-4144-828B-F1567915C289}.Release|x64.Build.0 = Release|Any CPU
		{2813F5D2-9E39-4144-828B-F1567915C289}.Release|x86.ActiveCfg = Release|Any CPU
		{2813F5D2-9E39-4144-828B-F1567915C289}.Release|x86.Build.0 = Release|Any CPU
		{A1CFF873-E9F2-4731-970B-43637A83EF8A}.Debug|Any CPU.ActiveCfg = Debug|Any CPU
		{A1CFF873-E9F2-4731-970B-43637A83EF8A}.Debug|Any CPU.Build.0 = Debug|Any CPU
		{A1CFF873-E9F2-4731-970B-43637A83EF8A}.Debug|x64.ActiveCfg = Debug|Any CPU
		{A1CFF873-E9F2-4731-970B-43637A83EF8A}.Debug|x64.Build.0 = Debug|Any CPU
		{A1CFF873-E9F2-4731-970B-43637A83EF8A}.Debug|x86.ActiveCfg = Debug|Any CPU
		{A1CFF873-E9F2-4731-970B-43637A83EF8A}.Debug|x86.Build.0 = Debug|Any CPU
		{A1CFF873-E9F2-4731-970B-43637A83EF8A}.Release|Any CPU.ActiveCfg = Release|Any CPU
		{A1CFF873-E9F2-4731-970B-43637A83EF8A}.Release|Any CPU.Build.0 = Release|Any CPU
		{A1CFF873-E9F2-4731-970B-43637A83EF8A}.Release|x64.ActiveCfg = Release|Any CPU
		{A1CFF873-E9F2-4731-970B-43637A83EF8A}.Release|x64.Build.0 = Release|Any CPU
		{A1CFF873-E9F2-4731-970B-43637A83EF8A}.Release|x86.ActiveCfg = Release|Any CPU
		{A1CFF873-E9F2-4731-970B-43637A83EF8A}.Release|x86.Build.0 = Release|Any CPU
		{E4726533-9C9A-4416-BF3D-B8E654854B0E}.Debug|Any CPU.ActiveCfg = Debug|Any CPU
		{E4726533-9C9A-4416-BF3D-B8E654854B0E}.Debug|Any CPU.Build.0 = Debug|Any CPU
		{E4726533-9C9A-4416-BF3D-B8E654854B0E}.Debug|x64.ActiveCfg = Debug|Any CPU
		{E4726533-9C9A-4416-BF3D-B8E654854B0E}.Debug|x64.Build.0 = Debug|Any CPU
		{E4726533-9C9A-4416-BF3D-B8E654854B0E}.Debug|x86.ActiveCfg = Debug|Any CPU
		{E4726533-9C9A-4416-BF3D-B8E654854B0E}.Debug|x86.Build.0 = Debug|Any CPU
		{E4726533-9C9A-4416-BF3D-B8E654854B0E}.Release|Any CPU.ActiveCfg = Release|Any CPU
		{E4726533-9C9A-4416-BF3D-B8E654854B0E}.Release|Any CPU.Build.0 = Release|Any CPU
		{E4726533-9C9A-4416-BF3D-B8E654854B0E}.Release|x64.ActiveCfg = Release|Any CPU
		{E4726533-9C9A-4416-BF3D-B8E654854B0E}.Release|x64.Build.0 = Release|Any CPU
		{E4726533-9C9A-4416-BF3D-B8E654854B0E}.Release|x86.ActiveCfg = Release|Any CPU
		{E4726533-9C9A-4416-BF3D-B8E654854B0E}.Release|x86.Build.0 = Release|Any CPU
		{737E9A1F-A1D1-458A-95A0-CB2B5001FD5B}.Debug|Any CPU.ActiveCfg = Debug|Any CPU
		{737E9A1F-A1D1-458A-95A0-CB2B5001FD5B}.Debug|Any CPU.Build.0 = Debug|Any CPU
		{737E9A1F-A1D1-458A-95A0-CB2B5001FD5B}.Debug|x64.ActiveCfg = Debug|Any CPU
		{737E9A1F-A1D1-458A-95A0-CB2B5001FD5B}.Debug|x64.Build.0 = Debug|Any CPU
		{737E9A1F-A1D1-458A-95A0-CB2B5001FD5B}.Debug|x86.ActiveCfg = Debug|Any CPU
		{737E9A1F-A1D1-458A-95A0-CB2B5001FD5B}.Debug|x86.Build.0 = Debug|Any CPU
		{737E9A1F-A1D1-458A-95A0-CB2B5001FD5B}.Release|Any CPU.ActiveCfg = Release|Any CPU
		{737E9A1F-A1D1-458A-95A0-CB2B5001FD5B}.Release|Any CPU.Build.0 = Release|Any CPU
		{737E9A1F-A1D1-458A-95A0-CB2B5001FD5B}.Release|x64.ActiveCfg = Release|Any CPU
		{737E9A1F-A1D1-458A-95A0-CB2B5001FD5B}.Release|x64.Build.0 = Release|Any CPU
		{737E9A1F-A1D1-458A-95A0-CB2B5001FD5B}.Release|x86.ActiveCfg = Release|Any CPU
		{737E9A1F-A1D1-458A-95A0-CB2B5001FD5B}.Release|x86.Build.0 = Release|Any CPU
		{CB2074E7-0FC9-45B4-99B7-34F6A31D2E8C}.Debug|Any CPU.ActiveCfg = Debug|Any CPU
		{CB2074E7-0FC9-45B4-99B7-34F6A31D2E8C}.Debug|Any CPU.Build.0 = Debug|Any CPU
		{CB2074E7-0FC9-45B4-99B7-34F6A31D2E8C}.Debug|x64.ActiveCfg = Debug|Any CPU
		{CB2074E7-0FC9-45B4-99B7-34F6A31D2E8C}.Debug|x64.Build.0 = Debug|Any CPU
		{CB2074E7-0FC9-45B4-99B7-34F6A31D2E8C}.Debug|x86.ActiveCfg = Debug|Any CPU
		{CB2074E7-0FC9-45B4-99B7-34F6A31D2E8C}.Debug|x86.Build.0 = Debug|Any CPU
		{CB2074E7-0FC9-45B4-99B7-34F6A31D2E8C}.Release|Any CPU.ActiveCfg = Release|Any CPU
		{CB2074E7-0FC9-45B4-99B7-34F6A31D2E8C}.Release|Any CPU.Build.0 = Release|Any CPU
		{CB2074E7-0FC9-45B4-99B7-34F6A31D2E8C}.Release|x64.ActiveCfg = Release|Any CPU
		{CB2074E7-0FC9-45B4-99B7-34F6A31D2E8C}.Release|x64.Build.0 = Release|Any CPU
		{CB2074E7-0FC9-45B4-99B7-34F6A31D2E8C}.Release|x86.ActiveCfg = Release|Any CPU
		{CB2074E7-0FC9-45B4-99B7-34F6A31D2E8C}.Release|x86.Build.0 = Release|Any CPU
		{ADFA1B74-78E7-4C79-B2F2-881C58F803E8}.Debug|Any CPU.ActiveCfg = Debug|Any CPU
		{ADFA1B74-78E7-4C79-B2F2-881C58F803E8}.Debug|Any CPU.Build.0 = Debug|Any CPU
		{ADFA1B74-78E7-4C79-B2F2-881C58F803E8}.Debug|x64.ActiveCfg = Debug|Any CPU
		{ADFA1B74-78E7-4C79-B2F2-881C58F803E8}.Debug|x64.Build.0 = Debug|Any CPU
		{ADFA1B74-78E7-4C79-B2F2-881C58F803E8}.Debug|x86.ActiveCfg = Debug|Any CPU
		{ADFA1B74-78E7-4C79-B2F2-881C58F803E8}.Debug|x86.Build.0 = Debug|Any CPU
		{ADFA1B74-78E7-4C79-B2F2-881C58F803E8}.Release|Any CPU.ActiveCfg = Release|Any CPU
		{ADFA1B74-78E7-4C79-B2F2-881C58F803E8}.Release|Any CPU.Build.0 = Release|Any CPU
		{ADFA1B74-78E7-4C79-B2F2-881C58F803E8}.Release|x64.ActiveCfg = Release|Any CPU
		{ADFA1B74-78E7-4C79-B2F2-881C58F803E8}.Release|x64.Build.0 = Release|Any CPU
		{ADFA1B74-78E7-4C79-B2F2-881C58F803E8}.Release|x86.ActiveCfg = Release|Any CPU
		{ADFA1B74-78E7-4C79-B2F2-881C58F803E8}.Release|x86.Build.0 = Release|Any CPU
		{5A77A3AD-B0C9-4207-9F00-F1E129B9EC8B}.Debug|Any CPU.ActiveCfg = Debug|Any CPU
		{5A77A3AD-B0C9-4207-9F00-F1E129B9EC8B}.Debug|Any CPU.Build.0 = Debug|Any CPU
		{5A77A3AD-B0C9-4207-9F00-F1E129B9EC8B}.Debug|x64.ActiveCfg = Debug|Any CPU
		{5A77A3AD-B0C9-4207-9F00-F1E129B9EC8B}.Debug|x64.Build.0 = Debug|Any CPU
		{5A77A3AD-B0C9-4207-9F00-F1E129B9EC8B}.Debug|x86.ActiveCfg = Debug|Any CPU
		{5A77A3AD-B0C9-4207-9F00-F1E129B9EC8B}.Debug|x86.Build.0 = Debug|Any CPU
		{5A77A3AD-B0C9-4207-9F00-F1E129B9EC8B}.Release|Any CPU.ActiveCfg = Release|Any CPU
		{5A77A3AD-B0C9-4207-9F00-F1E129B9EC8B}.Release|Any CPU.Build.0 = Release|Any CPU
		{5A77A3AD-B0C9-4207-9F00-F1E129B9EC8B}.Release|x64.ActiveCfg = Release|Any CPU
		{5A77A3AD-B0C9-4207-9F00-F1E129B9EC8B}.Release|x64.Build.0 = Release|Any CPU
		{5A77A3AD-B0C9-4207-9F00-F1E129B9EC8B}.Release|x86.ActiveCfg = Release|Any CPU
		{5A77A3AD-B0C9-4207-9F00-F1E129B9EC8B}.Release|x86.Build.0 = Release|Any CPU
		{8FC309E5-74EA-47F8-9200-33A1C1678198}.Debug|Any CPU.ActiveCfg = Debug|Any CPU
		{8FC309E5-74EA-47F8-9200-33A1C1678198}.Debug|Any CPU.Build.0 = Debug|Any CPU
		{8FC309E5-74EA-47F8-9200-33A1C1678198}.Debug|x64.ActiveCfg = Debug|Any CPU
		{8FC309E5-74EA-47F8-9200-33A1C1678198}.Debug|x64.Build.0 = Debug|Any CPU
		{8FC309E5-74EA-47F8-9200-33A1C1678198}.Debug|x86.ActiveCfg = Debug|Any CPU
		{8FC309E5-74EA-47F8-9200-33A1C1678198}.Debug|x86.Build.0 = Debug|Any CPU
		{8FC309E5-74EA-47F8-9200-33A1C1678198}.Release|Any CPU.ActiveCfg = Release|Any CPU
		{8FC309E5-74EA-47F8-9200-33A1C1678198}.Release|Any CPU.Build.0 = Release|Any CPU
		{8FC309E5-74EA-47F8-9200-33A1C1678198}.Release|x64.ActiveCfg = Release|Any CPU
		{8FC309E5-74EA-47F8-9200-33A1C1678198}.Release|x64.Build.0 = Release|Any CPU
		{8FC309E5-74EA-47F8-9200-33A1C1678198}.Release|x86.ActiveCfg = Release|Any CPU
		{8FC309E5-74EA-47F8-9200-33A1C1678198}.Release|x86.Build.0 = Release|Any CPU
		{D634DD4C-0463-4625-866A-C01EC29D45CC}.Debug|Any CPU.ActiveCfg = Debug|Any CPU
		{D634DD4C-0463-4625-866A-C01EC29D45CC}.Debug|Any CPU.Build.0 = Debug|Any CPU
		{D634DD4C-0463-4625-866A-C01EC29D45CC}.Debug|x64.ActiveCfg = Debug|Any CPU
		{D634DD4C-0463-4625-866A-C01EC29D45CC}.Debug|x64.Build.0 = Debug|Any CPU
		{D634DD4C-0463-4625-866A-C01EC29D45CC}.Debug|x86.ActiveCfg = Debug|Any CPU
		{D634DD4C-0463-4625-866A-C01EC29D45CC}.Debug|x86.Build.0 = Debug|Any CPU
		{D634DD4C-0463-4625-866A-C01EC29D45CC}.Release|Any CPU.ActiveCfg = Release|Any CPU
		{D634DD4C-0463-4625-866A-C01EC29D45CC}.Release|Any CPU.Build.0 = Release|Any CPU
		{D634DD4C-0463-4625-866A-C01EC29D45CC}.Release|x64.ActiveCfg = Release|Any CPU
		{D634DD4C-0463-4625-866A-C01EC29D45CC}.Release|x64.Build.0 = Release|Any CPU
		{D634DD4C-0463-4625-866A-C01EC29D45CC}.Release|x86.ActiveCfg = Release|Any CPU
		{D634DD4C-0463-4625-866A-C01EC29D45CC}.Release|x86.Build.0 = Release|Any CPU
		{72AFAB62-1C7B-430F-8552-74F8B5CFDE86}.Debug|Any CPU.ActiveCfg = Debug|Any CPU
		{72AFAB62-1C7B-430F-8552-74F8B5CFDE86}.Debug|Any CPU.Build.0 = Debug|Any CPU
		{72AFAB62-1C7B-430F-8552-74F8B5CFDE86}.Debug|x64.ActiveCfg = Debug|Any CPU
		{72AFAB62-1C7B-430F-8552-74F8B5CFDE86}.Debug|x64.Build.0 = Debug|Any CPU
		{72AFAB62-1C7B-430F-8552-74F8B5CFDE86}.Debug|x86.ActiveCfg = Debug|Any CPU
		{72AFAB62-1C7B-430F-8552-74F8B5CFDE86}.Debug|x86.Build.0 = Debug|Any CPU
		{72AFAB62-1C7B-430F-8552-74F8B5CFDE86}.Release|Any CPU.ActiveCfg = Release|Any CPU
		{72AFAB62-1C7B-430F-8552-74F8B5CFDE86}.Release|Any CPU.Build.0 = Release|Any CPU
		{72AFAB62-1C7B-430F-8552-74F8B5CFDE86}.Release|x64.ActiveCfg = Release|Any CPU
		{72AFAB62-1C7B-430F-8552-74F8B5CFDE86}.Release|x64.Build.0 = Release|Any CPU
		{72AFAB62-1C7B-430F-8552-74F8B5CFDE86}.Release|x86.ActiveCfg = Release|Any CPU
		{72AFAB62-1C7B-430F-8552-74F8B5CFDE86}.Release|x86.Build.0 = Release|Any CPU
		{7A8144E0-CB59-4666-8F3D-569F2D795C8E}.Debug|Any CPU.ActiveCfg = Debug|Any CPU
		{7A8144E0-CB59-4666-8F3D-569F2D795C8E}.Debug|Any CPU.Build.0 = Debug|Any CPU
		{7A8144E0-CB59-4666-8F3D-569F2D795C8E}.Debug|x64.ActiveCfg = Debug|Any CPU
		{7A8144E0-CB59-4666-8F3D-569F2D795C8E}.Debug|x64.Build.0 = Debug|Any CPU
		{7A8144E0-CB59-4666-8F3D-569F2D795C8E}.Debug|x86.ActiveCfg = Debug|Any CPU
		{7A8144E0-CB59-4666-8F3D-569F2D795C8E}.Debug|x86.Build.0 = Debug|Any CPU
		{7A8144E0-CB59-4666-8F3D-569F2D795C8E}.Release|Any CPU.ActiveCfg = Release|Any CPU
		{7A8144E0-CB59-4666-8F3D-569F2D795C8E}.Release|Any CPU.Build.0 = Release|Any CPU
		{7A8144E0-CB59-4666-8F3D-569F2D795C8E}.Release|x64.ActiveCfg = Release|Any CPU
		{7A8144E0-CB59-4666-8F3D-569F2D795C8E}.Release|x64.Build.0 = Release|Any CPU
		{7A8144E0-CB59-4666-8F3D-569F2D795C8E}.Release|x86.ActiveCfg = Release|Any CPU
		{7A8144E0-CB59-4666-8F3D-569F2D795C8E}.Release|x86.Build.0 = Release|Any CPU
		{6A42F75E-09CA-4F57-8CA3-32FC0015F7FC}.Debug|Any CPU.ActiveCfg = Debug|Any CPU
		{6A42F75E-09CA-4F57-8CA3-32FC0015F7FC}.Debug|Any CPU.Build.0 = Debug|Any CPU
		{6A42F75E-09CA-4F57-8CA3-32FC0015F7FC}.Debug|x64.ActiveCfg = Debug|Any CPU
		{6A42F75E-09CA-4F57-8CA3-32FC0015F7FC}.Debug|x64.Build.0 = Debug|Any CPU
		{6A42F75E-09CA-4F57-8CA3-32FC0015F7FC}.Debug|x86.ActiveCfg = Debug|Any CPU
		{6A42F75E-09CA-4F57-8CA3-32FC0015F7FC}.Debug|x86.Build.0 = Debug|Any CPU
		{6A42F75E-09CA-4F57-8CA3-32FC0015F7FC}.Release|Any CPU.ActiveCfg = Release|Any CPU
		{6A42F75E-09CA-4F57-8CA3-32FC0015F7FC}.Release|Any CPU.Build.0 = Release|Any CPU
		{6A42F75E-09CA-4F57-8CA3-32FC0015F7FC}.Release|x64.ActiveCfg = Release|Any CPU
		{6A42F75E-09CA-4F57-8CA3-32FC0015F7FC}.Release|x64.Build.0 = Release|Any CPU
		{6A42F75E-09CA-4F57-8CA3-32FC0015F7FC}.Release|x86.ActiveCfg = Release|Any CPU
		{6A42F75E-09CA-4F57-8CA3-32FC0015F7FC}.Release|x86.Build.0 = Release|Any CPU
		{A0EB548F-8FB2-43DC-90D7-02E112E71B25}.Debug|Any CPU.ActiveCfg = Debug|Any CPU
		{A0EB548F-8FB2-43DC-90D7-02E112E71B25}.Debug|Any CPU.Build.0 = Debug|Any CPU
		{A0EB548F-8FB2-43DC-90D7-02E112E71B25}.Debug|x64.ActiveCfg = Debug|Any CPU
		{A0EB548F-8FB2-43DC-90D7-02E112E71B25}.Debug|x64.Build.0 = Debug|Any CPU
		{A0EB548F-8FB2-43DC-90D7-02E112E71B25}.Debug|x86.ActiveCfg = Debug|Any CPU
		{A0EB548F-8FB2-43DC-90D7-02E112E71B25}.Debug|x86.Build.0 = Debug|Any CPU
		{A0EB548F-8FB2-43DC-90D7-02E112E71B25}.Release|Any CPU.ActiveCfg = Release|Any CPU
		{A0EB548F-8FB2-43DC-90D7-02E112E71B25}.Release|Any CPU.Build.0 = Release|Any CPU
		{A0EB548F-8FB2-43DC-90D7-02E112E71B25}.Release|x64.ActiveCfg = Release|Any CPU
		{A0EB548F-8FB2-43DC-90D7-02E112E71B25}.Release|x64.Build.0 = Release|Any CPU
		{A0EB548F-8FB2-43DC-90D7-02E112E71B25}.Release|x86.ActiveCfg = Release|Any CPU
		{A0EB548F-8FB2-43DC-90D7-02E112E71B25}.Release|x86.Build.0 = Release|Any CPU
	EndGlobalSection
	GlobalSection(SolutionProperties) = preSolution
		HideSolutionNode = FALSE
	EndGlobalSection
	GlobalSection(NestedProjects) = preSolution
		{6306A8FB-679E-111F-6585-8F70E0EE6013} = {827E0CD3-B72D-47B6-A68D-7590B98EB39B}
		{1824FDE1-05F8-4DBC-BD6D-9E8979C8E860} = {6306A8FB-679E-111F-6585-8F70E0EE6013}
		{984BB9B3-3FA3-BE33-9484-CAC21695A33C} = {827E0CD3-B72D-47B6-A68D-7590B98EB39B}
		{473EF3C4-73FA-6715-AA3C-7C7929374EED} = {984BB9B3-3FA3-BE33-9484-CAC21695A33C}
		{65B980EC-057F-4C91-9404-52850CEA8844} = {473EF3C4-73FA-6715-AA3C-7C7929374EED}
		{4685A323-76A9-4D08-95AA-34764BBE6D56} = {473EF3C4-73FA-6715-AA3C-7C7929374EED}
		{E2D19001-9306-4D77-B4B8-DB5305481384} = {473EF3C4-73FA-6715-AA3C-7C7929374EED}
		{7FFAAE61-B437-4E1F-B459-E01C97F05BDF} = {473EF3C4-73FA-6715-AA3C-7C7929374EED}
		{C8E42992-5E42-0C2B-DBFE-AA848D06431C} = {827E0CD3-B72D-47B6-A68D-7590B98EB39B}
		{6FFAC8F6-817F-4A9E-9247-001AFC0B904F} = {C8E42992-5E42-0C2B-DBFE-AA848D06431C}
		{BF745C50-082E-43F3-8016-23283769CDE8} = {C8E42992-5E42-0C2B-DBFE-AA848D06431C}
		{F413D58E-3FDC-40EA-93E1-66BEC9F7DC64} = {C8E42992-5E42-0C2B-DBFE-AA848D06431C}
		{253717E6-63E2-44ED-8DD4-B46DAAFD136A} = {C8E42992-5E42-0C2B-DBFE-AA848D06431C}
		{2DCEEAA5-9853-4C75-A697-C9FEEFD0E020} = {C8E42992-5E42-0C2B-DBFE-AA848D06431C}
		{8E93FF33-F2CB-4FBC-BED5-D3451FD3009D} = {C8E42992-5E42-0C2B-DBFE-AA848D06431C}
		{BD33319C-751A-386D-048F-9AEFDEDD6518} = {984BB9B3-3FA3-BE33-9484-CAC21695A33C}
		{1E1756C9-D74E-4FE6-BA15-998C05AF311A} = {BD33319C-751A-386D-048F-9AEFDEDD6518}
		{1742FF15-9425-41CD-8306-14F8B6E59E60} = {BD33319C-751A-386D-048F-9AEFDEDD6518}
		{FA1885C7-7274-4B32-B2F0-DA62C9EF2DEF} = {BD33319C-751A-386D-048F-9AEFDEDD6518}
		{D4D8CC60-3AB6-4B9D-BC10-7ADC8B1E60FD} = {BD33319C-751A-386D-048F-9AEFDEDD6518}
		{4E40E051-6608-71C1-50D9-32011CD241FA} = {984BB9B3-3FA3-BE33-9484-CAC21695A33C}
		{C9D2C6BF-BE7F-48BD-AA95-40B4D5C0B39E} = {4E40E051-6608-71C1-50D9-32011CD241FA}
		{D6C3E29A-E4F8-4E84-A203-44EC7297C930} = {4E40E051-6608-71C1-50D9-32011CD241FA}
		{69D41008-B9AE-4EB8-9420-497276629555} = {4E40E051-6608-71C1-50D9-32011CD241FA}
		{2813F5D2-9E39-4144-828B-F1567915C289} = {4E40E051-6608-71C1-50D9-32011CD241FA}
		{2C938643-4296-8789-5ADE-2E1131FBFA5C} = {984BB9B3-3FA3-BE33-9484-CAC21695A33C}
		{A1CFF873-E9F2-4731-970B-43637A83EF8A} = {2C938643-4296-8789-5ADE-2E1131FBFA5C}
		{E4726533-9C9A-4416-BF3D-B8E654854B0E} = {2C938643-4296-8789-5ADE-2E1131FBFA5C}
		{737E9A1F-A1D1-458A-95A0-CB2B5001FD5B} = {2C938643-4296-8789-5ADE-2E1131FBFA5C}
		{CB2074E7-0FC9-45B4-99B7-34F6A31D2E8C} = {2C938643-4296-8789-5ADE-2E1131FBFA5C}
		{A436D265-342E-EF01-E366-09ABB4B12A34} = {984BB9B3-3FA3-BE33-9484-CAC21695A33C}
		{ADFA1B74-78E7-4C79-B2F2-881C58F803E8} = {A436D265-342E-EF01-E366-09ABB4B12A34}
		{5A77A3AD-B0C9-4207-9F00-F1E129B9EC8B} = {A436D265-342E-EF01-E366-09ABB4B12A34}
		{8FC309E5-74EA-47F8-9200-33A1C1678198} = {A436D265-342E-EF01-E366-09ABB4B12A34}
		{D634DD4C-0463-4625-866A-C01EC29D45CC} = {A436D265-342E-EF01-E366-09ABB4B12A34}
		{39196BA3-C527-83BC-908D-28641A9B95D8} = {984BB9B3-3FA3-BE33-9484-CAC21695A33C}
		{72AFAB62-1C7B-430F-8552-74F8B5CFDE86} = {39196BA3-C527-83BC-908D-28641A9B95D8}
		{7A8144E0-CB59-4666-8F3D-569F2D795C8E} = {39196BA3-C527-83BC-908D-28641A9B95D8}
		{6A42F75E-09CA-4F57-8CA3-32FC0015F7FC} = {39196BA3-C527-83BC-908D-28641A9B95D8}
		{A0EB548F-8FB2-43DC-90D7-02E112E71B25} = {39196BA3-C527-83BC-908D-28641A9B95D8}
	EndGlobalSection
EndGlobal
